
Microsoft Visual Studio Solution File, Format Version 12.00
# Visual Studio 15
VisualStudioVersion = 15.0.28010.2016
MinimumVisualStudioVersion = 10.0.40219.1
Project("{8BC9CEB8-8B4A-11D0-8D11-00A0C91BC942}") = "NeyroSet", "CNN\CNN.vcxproj", "{165B9706-AFA6-4D4B-A1ED-17AB49CF9854}"
EndProject
Project("{8BC9CEB8-8B4A-11D0-8D11-00A0C91BC942}") = "Tests", "Tests\Tests.vcxproj", "{AA18A21E-7DA6-41D1-B848-ADDED430A198}"
EndProject
Project("{8BC9CEB8-8B4A-11D0-8D11-00A0C91BC942}") = "SimplePerceptron", "SimplePerceptron\SimplePerceptron.vcxproj", "{D9482C4B-F565-4D01-B09B-7E2FDFBCADA0}"
EndProject
Project("{8BC9CEB8-8B4A-11D0-8D11-00A0C91BC942}") = "NotSoSimplePerceptron", "NotSoSimplePerceptron\NotSoSimplePerceptron.vcxproj", "{0E45BC1A-275E-4F70-AEE3-B2B1D5ED77B9}"
EndProject
Project("{8BC9CEB8-8B4A-11D0-8D11-00A0C91BC942}") = "NotSoSimlpePerceptron(Sigm)", "NotSoSimlpePerceptron(Sigm)\NotSoSimlpePerceptron(Sigm).vcxproj", "{942DED8C-E858-4A18-B1AF-1A50F07A22EC}"
EndProject
Project("{8BC9CEB8-8B4A-11D0-8D11-00A0C91BC942}") = "DeepNetwork", "DeepNetwork\DeepNetwork.vcxproj", "{2ABCC2F1-3EA3-40DD-9AE6-93C3BB7E72DD}"
EndProject
Project("{8BC9CEB8-8B4A-11D0-8D11-00A0C91BC942}") = "DeepNetworkLib", "DeepNetworkLib\DeepNetworkLib.vcxproj", "{28A92B52-A338-444E-AA33-740E6A024258}"
EndProject
Project("{8BC9CEB8-8B4A-11D0-8D11-00A0C91BC942}") = "Project1", "Project1\Project1.vcxproj", "{9D583349-3E39-467E-A429-A3B8B6B90D2E}"
EndProject
Global
	GlobalSection(SolutionConfigurationPlatforms) = preSolution
		Debug|Any CPU = Debug|Any CPU
		Debug|x64 = Debug|x64
		Debug|x86 = Debug|x86
		Release|Any CPU = Release|Any CPU
		Release|x64 = Release|x64
		Release|x86 = Release|x86
	EndGlobalSection
	GlobalSection(ProjectConfigurationPlatforms) = postSolution
		{165B9706-AFA6-4D4B-A1ED-17AB49CF9854}.Debug|Any CPU.ActiveCfg = Debug|Win32
		{165B9706-AFA6-4D4B-A1ED-17AB49CF9854}.Debug|x64.ActiveCfg = Debug|x64
		{165B9706-AFA6-4D4B-A1ED-17AB49CF9854}.Debug|x64.Build.0 = Debug|x64
		{165B9706-AFA6-4D4B-A1ED-17AB49CF9854}.Debug|x86.ActiveCfg = Debug|Win32
		{165B9706-AFA6-4D4B-A1ED-17AB49CF9854}.Debug|x86.Build.0 = Debug|Win32
		{165B9706-AFA6-4D4B-A1ED-17AB49CF9854}.Release|Any CPU.ActiveCfg = Release|Win32
		{165B9706-AFA6-4D4B-A1ED-17AB49CF9854}.Release|x64.ActiveCfg = Release|x64
		{165B9706-AFA6-4D4B-A1ED-17AB49CF9854}.Release|x64.Build.0 = Release|x64
		{165B9706-AFA6-4D4B-A1ED-17AB49CF9854}.Release|x86.ActiveCfg = Release|Win32
		{165B9706-AFA6-4D4B-A1ED-17AB49CF9854}.Release|x86.Build.0 = Release|Win32
		{AA18A21E-7DA6-41D1-B848-ADDED430A198}.Debug|Any CPU.ActiveCfg = Debug|Win32
		{AA18A21E-7DA6-41D1-B848-ADDED430A198}.Debug|x64.ActiveCfg = Debug|x64
		{AA18A21E-7DA6-41D1-B848-ADDED430A198}.Debug|x64.Build.0 = Debug|x64
		{AA18A21E-7DA6-41D1-B848-ADDED430A198}.Debug|x86.ActiveCfg = Debug|Win32
		{AA18A21E-7DA6-41D1-B848-ADDED430A198}.Debug|x86.Build.0 = Debug|Win32
		{AA18A21E-7DA6-41D1-B848-ADDED430A198}.Release|Any CPU.ActiveCfg = Release|Win32
		{AA18A21E-7DA6-41D1-B848-ADDED430A198}.Release|x64.ActiveCfg = Release|x64
		{AA18A21E-7DA6-41D1-B848-ADDED430A198}.Release|x64.Build.0 = Release|x64
		{AA18A21E-7DA6-41D1-B848-ADDED430A198}.Release|x86.ActiveCfg = Release|Win32
		{AA18A21E-7DA6-41D1-B848-ADDED430A198}.Release|x86.Build.0 = Release|Win32
		{D9482C4B-F565-4D01-B09B-7E2FDFBCADA0}.Debug|Any CPU.ActiveCfg = Debug|Win32
		{D9482C4B-F565-4D01-B09B-7E2FDFBCADA0}.Debug|x64.ActiveCfg = Debug|x64
		{D9482C4B-F565-4D01-B09B-7E2FDFBCADA0}.Debug|x64.Build.0 = Debug|x64
		{D9482C4B-F565-4D01-B09B-7E2FDFBCADA0}.Debug|x86.ActiveCfg = Debug|Win32
		{D9482C4B-F565-4D01-B09B-7E2FDFBCADA0}.Debug|x86.Build.0 = Debug|Win32
		{D9482C4B-F565-4D01-B09B-7E2FDFBCADA0}.Release|Any CPU.ActiveCfg = Release|Win32
		{D9482C4B-F565-4D01-B09B-7E2FDFBCADA0}.Release|x64.ActiveCfg = Release|x64
		{D9482C4B-F565-4D01-B09B-7E2FDFBCADA0}.Release|x64.Build.0 = Release|x64
		{D9482C4B-F565-4D01-B09B-7E2FDFBCADA0}.Release|x86.ActiveCfg = Release|Win32
		{D9482C4B-F565-4D01-B09B-7E2FDFBCADA0}.Release|x86.Build.0 = Release|Win32
		{0E45BC1A-275E-4F70-AEE3-B2B1D5ED77B9}.Debug|Any CPU.ActiveCfg = Debug|Win32
		{0E45BC1A-275E-4F70-AEE3-B2B1D5ED77B9}.Debug|x64.ActiveCfg = Debug|x64
		{0E45BC1A-275E-4F70-AEE3-B2B1D5ED77B9}.Debug|x64.Build.0 = Debug|x64
		{0E45BC1A-275E-4F70-AEE3-B2B1D5ED77B9}.Debug|x86.ActiveCfg = Debug|Win32
		{0E45BC1A-275E-4F70-AEE3-B2B1D5ED77B9}.Debug|x86.Build.0 = Debug|Win32
		{0E45BC1A-275E-4F70-AEE3-B2B1D5ED77B9}.Release|Any CPU.ActiveCfg = Release|Win32
		{0E45BC1A-275E-4F70-AEE3-B2B1D5ED77B9}.Release|x64.ActiveCfg = Release|x64
		{0E45BC1A-275E-4F70-AEE3-B2B1D5ED77B9}.Release|x64.Build.0 = Release|x64
		{0E45BC1A-275E-4F70-AEE3-B2B1D5ED77B9}.Release|x86.ActiveCfg = Release|Win32
		{0E45BC1A-275E-4F70-AEE3-B2B1D5ED77B9}.Release|x86.Build.0 = Release|Win32
		{942DED8C-E858-4A18-B1AF-1A50F07A22EC}.Debug|Any CPU.ActiveCfg = Debug|Win32
		{942DED8C-E858-4A18-B1AF-1A50F07A22EC}.Debug|x64.ActiveCfg = Debug|x64
		{942DED8C-E858-4A18-B1AF-1A50F07A22EC}.Debug|x64.Build.0 = Debug|x64
		{942DED8C-E858-4A18-B1AF-1A50F07A22EC}.Debug|x86.ActiveCfg = Debug|Win32
		{942DED8C-E858-4A18-B1AF-1A50F07A22EC}.Debug|x86.Build.0 = Debug|Win32
		{942DED8C-E858-4A18-B1AF-1A50F07A22EC}.Release|Any CPU.ActiveCfg = Release|Win32
		{942DED8C-E858-4A18-B1AF-1A50F07A22EC}.Release|x64.ActiveCfg = Release|x64
		{942DED8C-E858-4A18-B1AF-1A50F07A22EC}.Release|x64.Build.0 = Release|x64
		{942DED8C-E858-4A18-B1AF-1A50F07A22EC}.Release|x86.ActiveCfg = Release|Win32
		{942DED8C-E858-4A18-B1AF-1A50F07A22EC}.Release|x86.Build.0 = Release|Win32
		{2ABCC2F1-3EA3-40DD-9AE6-93C3BB7E72DD}.Debug|Any CPU.ActiveCfg = Debug|Win32
		{2ABCC2F1-3EA3-40DD-9AE6-93C3BB7E72DD}.Debug|x64.ActiveCfg = Debug|x64
		{2ABCC2F1-3EA3-40DD-9AE6-93C3BB7E72DD}.Debug|x64.Build.0 = Debug|x64
		{2ABCC2F1-3EA3-40DD-9AE6-93C3BB7E72DD}.Debug|x86.ActiveCfg = Debug|Win32
		{2ABCC2F1-3EA3-40DD-9AE6-93C3BB7E72DD}.Debug|x86.Build.0 = Debug|Win32
		{2ABCC2F1-3EA3-40DD-9AE6-93C3BB7E72DD}.Release|Any CPU.ActiveCfg = Release|Win32
		{2ABCC2F1-3EA3-40DD-9AE6-93C3BB7E72DD}.Release|x64.ActiveCfg = Release|x64
		{2ABCC2F1-3EA3-40DD-9AE6-93C3BB7E72DD}.Release|x64.Build.0 = Release|x64
		{2ABCC2F1-3EA3-40DD-9AE6-93C3BB7E72DD}.Release|x86.ActiveCfg = Release|Win32
		{2ABCC2F1-3EA3-40DD-9AE6-93C3BB7E72DD}.Release|x86.Build.0 = Release|Win32
		{28A92B52-A338-444E-AA33-740E6A024258}.Debug|Any CPU.ActiveCfg = Debug|Win32
		{28A92B52-A338-444E-AA33-740E6A024258}.Debug|x64.ActiveCfg = Debug|x64
		{28A92B52-A338-444E-AA33-740E6A024258}.Debug|x64.Build.0 = Debug|x64
		{28A92B52-A338-444E-AA33-740E6A024258}.Debug|x86.ActiveCfg = Debug|Win32
		{28A92B52-A338-444E-AA33-740E6A024258}.Debug|x86.Build.0 = Debug|Win32
		{28A92B52-A338-444E-AA33-740E6A024258}.Release|Any CPU.ActiveCfg = Release|Win32
		{28A92B52-A338-444E-AA33-740E6A024258}.Release|x64.ActiveCfg = Release|x64
		{28A92B52-A338-444E-AA33-740E6A024258}.Release|x64.Build.0 = Release|x64
		{28A92B52-A338-444E-AA33-740E6A024258}.Release|x86.ActiveCfg = Release|Win32
		{28A92B52-A338-444E-AA33-740E6A024258}.Release|x86.Build.0 = Release|Win32
		{9D583349-3E39-467E-A429-A3B8B6B90D2E}.Debug|Any CPU.ActiveCfg = Debug|Win32
		{9D583349-3E39-467E-A429-A3B8B6B90D2E}.Debug|x64.ActiveCfg = Debug|x64
		{9D583349-3E39-467E-A429-A3B8B6B90D2E}.Debug|x64.Build.0 = Debug|x64
		{9D583349-3E39-467E-A429-A3B8B6B90D2E}.Debug|x86.ActiveCfg = Debug|Win32
		{9D583349-3E39-467E-A429-A3B8B6B90D2E}.Debug|x86.Build.0 = Debug|Win32
		{9D583349-3E39-467E-A429-A3B8B6B90D2E}.Release|Any CPU.ActiveCfg = Release|Win32
		{9D583349-3E39-467E-A429-A3B8B6B90D2E}.Release|x64.ActiveCfg = Release|x64
		{9D583349-3E39-467E-A429-A3B8B6B90D2E}.Release|x64.Build.0 = Release|x64
		{9D583349-3E39-467E-A429-A3B8B6B90D2E}.Release|x86.ActiveCfg = Release|Win32
		{9D583349-3E39-467E-A429-A3B8B6B90D2E}.Release|x86.Build.0 = Release|Win32
	EndGlobalSection
	GlobalSection(SolutionProperties) = preSolution
		HideSolutionNode = FALSE
	EndGlobalSection
	GlobalSection(ExtensibilityGlobals) = postSolution
		SolutionGuid = {1825A3A8-6F41-4DF3-AD92-9AC9E18ACE2F}
	EndGlobalSection
EndGlobal
