
Microsoft Visual Studio Solution File, Format Version 12.00
# Visual Studio 15
VisualStudioVersion = 15.0.28010.2016
MinimumVisualStudioVersion = 10.0.40219.1
Project("{8BC9CEB8-8B4A-11D0-8D11-00A0C91BC942}") = "NeyroSet", "CNN\CNN.vcxproj", "{165B9706-AFA6-4D4B-A1ED-17AB49CF9854}"
EndProject
Project("{8BC9CEB8-8B4A-11D0-8D11-00A0C91BC942}") = "Tests", "Tests\Tests.vcxproj", "{AA18A21E-7DA6-41D1-B848-ADDED430A198}"
EndProject
Project("{8BC9CEB8-8B4A-11D0-8D11-00A0C91BC942}") = "SimplePerceptron", "SimplePerceptron\SimplePerceptron.vcxproj", "{D9482C4B-F565-4D01-B09B-7E2FDFBCADA0}"
EndProject
Global
	GlobalSection(SolutionConfigurationPlatforms) = preSolution
		Debug|x64 = Debug|x64
		Debug|x86 = Debug|x86
		Release|x64 = Release|x64
		Release|x86 = Release|x86
	EndGlobalSection
	GlobalSection(ProjectConfigurationPlatforms) = postSolution
		{165B9706-AFA6-4D4B-A1ED-17AB49CF9854}.Debug|x64.ActiveCfg = Debug|x64
		{165B9706-AFA6-4D4B-A1ED-17AB49CF9854}.Debug|x64.Build.0 = Debug|x64
		{165B9706-AFA6-4D4B-A1ED-17AB49CF9854}.Debug|x86.ActiveCfg = Debug|Win32
		{165B9706-AFA6-4D4B-A1ED-17AB49CF9854}.Debug|x86.Build.0 = Debug|Win32
		{165B9706-AFA6-4D4B-A1ED-17AB49CF9854}.Release|x64.ActiveCfg = Release|x64
		{165B9706-AFA6-4D4B-A1ED-17AB49CF9854}.Release|x64.Build.0 = Release|x64
		{165B9706-AFA6-4D4B-A1ED-17AB49CF9854}.Release|x86.ActiveCfg = Release|Win32
		{165B9706-AFA6-4D4B-A1ED-17AB49CF9854}.Release|x86.Build.0 = Release|Win32
		{AA18A21E-7DA6-41D1-B848-ADDED430A198}.Debug|x64.ActiveCfg = Debug|x64
		{AA18A21E-7DA6-41D1-B848-ADDED430A198}.Debug|x64.Build.0 = Debug|x64
		{AA18A21E-7DA6-41D1-B848-ADDED430A198}.Debug|x86.ActiveCfg = Debug|Win32
		{AA18A21E-7DA6-41D1-B848-ADDED430A198}.Debug|x86.Build.0 = Debug|Win32
		{AA18A21E-7DA6-41D1-B848-ADDED430A198}.Release|x64.ActiveCfg = Release|x64
		{AA18A21E-7DA6-41D1-B848-ADDED430A198}.Release|x64.Build.0 = Release|x64
		{AA18A21E-7DA6-41D1-B848-ADDED430A198}.Release|x86.ActiveCfg = Release|Win32
		{AA18A21E-7DA6-41D1-B848-ADDED430A198}.Release|x86.Build.0 = Release|Win32
		{D9482C4B-F565-4D01-B09B-7E2FDFBCADA0}.Debug|x64.ActiveCfg = Debug|x64
		{D9482C4B-F565-4D01-B09B-7E2FDFBCADA0}.Debug|x64.Build.0 = Debug|x64
		{D9482C4B-F565-4D01-B09B-7E2FDFBCADA0}.Debug|x86.ActiveCfg = Debug|Win32
		{D9482C4B-F565-4D01-B09B-7E2FDFBCADA0}.Debug|x86.Build.0 = Debug|Win32
		{D9482C4B-F565-4D01-B09B-7E2FDFBCADA0}.Release|x64.ActiveCfg = Release|x64
		{D9482C4B-F565-4D01-B09B-7E2FDFBCADA0}.Release|x64.Build.0 = Release|x64
		{D9482C4B-F565-4D01-B09B-7E2FDFBCADA0}.Release|x86.ActiveCfg = Release|Win32
		{D9482C4B-F565-4D01-B09B-7E2FDFBCADA0}.Release|x86.Build.0 = Release|Win32
	EndGlobalSection
	GlobalSection(SolutionProperties) = preSolution
		HideSolutionNode = FALSE
	EndGlobalSection
	GlobalSection(ExtensibilityGlobals) = postSolution
		SolutionGuid = {1825A3A8-6F41-4DF3-AD92-9AC9E18ACE2F}
	EndGlobalSection
EndGlobal
