<?xml version="1.0" encoding="utf-8"?>
<Project ToolsVersion="4.0" xmlns="http://schemas.microsoft.com/developer/msbuild/2003">
  <ItemGroup>
    <Filter Include="Исходные файлы">
      <UniqueIdentifier>{4FC737F1-C7A5-4376-A066-2A32D752A2FF}</UniqueIdentifier>
      <Extensions>cpp;c;cc;cxx;def;odl;idl;hpj;bat;asm;asmx</Extensions>
    </Filter>
    <Filter Include="Файлы заголовков">
      <UniqueIdentifier>{93995380-89BD-4b04-88EB-625FBE52EBFB}</UniqueIdentifier>
      <Extensions>h;hh;hpp;hxx;hm;inl;inc;ipp;xsd</Extensions>
    </Filter>
    <Filter Include="Файлы ресурсов">
      <UniqueIdentifier>{67DA6AB6-F800-4c08-8B7A-83BB121AAD01}</UniqueIdentifier>
      <Extensions>rc;ico;cur;bmp;dlg;rc2;rct;bin;rgs;gif;jpg;jpeg;jpe;resx;tiff;tif;png;wav;mfcribbon-ms</Extensions>
    </Filter>
    <Filter Include="Исходные файлы\Test Matrix">
      <UniqueIdentifier>{dd48afd5-1aa8-4971-b3d1-9898e20f7fa0}</UniqueIdentifier>
    </Filter>
    <Filter Include="Исходные файлы\Test Cnn">
      <UniqueIdentifier>{87ca6842-2f48-475a-9a68-899b72c49141}</UniqueIdentifier>
    </Filter>
    <Filter Include="Исходные файлы\SystemTest">
      <UniqueIdentifier>{0d8a4d5d-9da2-4473-b1e3-6e07aaf5d7dd}</UniqueIdentifier>
    </Filter>
    <Filter Include="Исходные файлы\Test Peceptron">
      <UniqueIdentifier>{db8442d7-79c6-4cfd-a56b-4bb20230758e}</UniqueIdentifier>
    </Filter>
    <Filter Include="Исходные файлы\Test Lerning Perceprton">
      <UniqueIdentifier>{069b271a-6733-40e5-b800-72346cded3f5}</UniqueIdentifier>
    </Filter>
    <Filter Include="Исходные файлы\Test Filter">
      <UniqueIdentifier>{357170e7-3baa-41f7-933b-1af35990497f}</UniqueIdentifier>
    </Filter>
    <Filter Include="Исходные файлы\Test Lerning CNN">
      <UniqueIdentifier>{d52e3749-611a-4c2c-9e8a-9c63bdcb2978}</UniqueIdentifier>
    </Filter>
  </ItemGroup>
  <ItemGroup>
    <ClInclude Include="TestMatrix.h">
      <Filter>Исходные файлы\Test Matrix</Filter>
    </ClInclude>
    <ClInclude Include="TestNeyronCnn.h">
      <Filter>Исходные файлы\Test Cnn</Filter>
    </ClInclude>
    <ClInclude Include="Suite.h">
      <Filter>Исходные файлы\SystemTest</Filter>
    </ClInclude>
    <ClInclude Include="Test.h">
      <Filter>Исходные файлы\SystemTest</Filter>
    </ClInclude>
    <ClInclude Include="TestPeceptron.h">
      <Filter>Исходные файлы\Test Peceptron</Filter>
    </ClInclude>
    <ClInclude Include="TestLearningPerceptron.h">
      <Filter>Исходные файлы\Test Lerning Perceprton</Filter>
    </ClInclude>
    <ClInclude Include="TestFilter.h">
      <Filter>Исходные файлы\Test Filter</Filter>
    </ClInclude>
    <ClInclude Include="TestLerningCNN.h">
      <Filter>Исходные файлы\Test Lerning CNN</Filter>
    </ClInclude>
  </ItemGroup>
  <ItemGroup>
    <ClCompile Include="TestMatrix.cpp">
      <Filter>Исходные файлы\Test Matrix</Filter>
    </ClCompile>
    <ClCompile Include="TestNeyronCnn.cpp">
      <Filter>Исходные файлы\Test Cnn</Filter>
    </ClCompile>
    <ClCompile Include="StartTest.cpp">
      <Filter>Исходные файлы</Filter>
    </ClCompile>
    <ClCompile Include="TestPeceptron.cpp">
      <Filter>Исходные файлы\Test Peceptron</Filter>
    </ClCompile>
    <ClCompile Include="TestLearningPerceptron.cpp">
      <Filter>Исходные файлы\Test Lerning Perceprton</Filter>
    </ClCompile>
    <ClCompile Include="TestFilter.cpp">
      <Filter>Исходные файлы\Test Filter</Filter>
    </ClCompile>
    <ClCompile Include="TestLerningCNN.cpp">
      <Filter>Исходные файлы\Test Lerning CNN</Filter>
    </ClCompile>
  </ItemGroup>
  <ItemGroup>
    <Text Include="MatrixTest.txt">
      <Filter>Файлы ресурсов</Filter>
    </Text>
    <Text Include="NeyronTest.txt">
      <Filter>Файлы ресурсов</Filter>
    </Text>
    <Text Include="FilterTest.txt">
      <Filter>Файлы ресурсов</Filter>
    </Text>
    <Text Include="CNNLearningTest.txt">
      <Filter>Файлы ресурсов</Filter>
    </Text>
  </ItemGroup>
</Project>