<?xml version="1.0" encoding="utf-8"?>
<Project ToolsVersion="4.0" xmlns="http://schemas.microsoft.com/developer/msbuild/2003">
  <ItemGroup>
    <Filter Include="Исходные файлы">
      <UniqueIdentifier>{4FC737F1-C7A5-4376-A066-2A32D752A2FF}</UniqueIdentifier>
      <Extensions>cpp;c;cc;cxx;def;odl;idl;hpj;bat;asm;asmx</Extensions>
    </Filter>
    <Filter Include="Файлы заголовков">
      <UniqueIdentifier>{93995380-89BD-4b04-88EB-625FBE52EBFB}</UniqueIdentifier>
      <Extensions>h;hh;hpp;hxx;hm;inl;inc;ipp;xsd</Extensions>
    </Filter>
    <Filter Include="Файлы ресурсов">
      <UniqueIdentifier>{67DA6AB6-F800-4c08-8B7A-83BB121AAD01}</UniqueIdentifier>
      <Extensions>rc;ico;cur;bmp;dlg;rc2;rct;bin;rgs;gif;jpg;jpeg;jpe;resx;tiff;tif;png;wav;mfcribbon-ms</Extensions>
    </Filter>
    <Filter Include="Исходные файлы\Матрица">
      <UniqueIdentifier>{1021ccaf-8a27-4a8f-b676-cba043aed8c0}</UniqueIdentifier>
    </Filter>
    <Filter Include="Исходные файлы\CNN">
      <UniqueIdentifier>{0625036c-b0c1-4c30-a743-856f81128afb}</UniqueIdentifier>
    </Filter>
    <Filter Include="Исходные файлы\Perceptron">
      <UniqueIdentifier>{e7f08b22-56fd-4e7b-9880-0e77a57bd6d5}</UniqueIdentifier>
    </Filter>
    <Filter Include="Исходные файлы\Вспомогательные классы">
      <UniqueIdentifier>{0077b135-e814-48b8-b710-06f5460d765f}</UniqueIdentifier>
    </Filter>
  </ItemGroup>
  <ItemGroup>
    <ClInclude Include="Matrix.h">
      <Filter>Исходные файлы\Матрица</Filter>
    </ClInclude>
    <ClInclude Include="NeyronCnn.h">
      <Filter>Исходные файлы\CNN</Filter>
    </ClInclude>
    <ClInclude Include="Filter.h">
      <Filter>Исходные файлы\Вспомогательные классы</Filter>
    </ClInclude>
    <ClInclude Include="NeyronPerceptron.h">
      <Filter>Исходные файлы\Perceptron</Filter>
    </ClInclude>
    <ClInclude Include="Weights.h">
      <Filter>Исходные файлы\Вспомогательные классы</Filter>
    </ClInclude>
    <ClInclude Include="Base_Cnn.h">
      <Filter>Исходные файлы\CNN</Filter>
    </ClInclude>
    <ClInclude Include="Base_Perceptron.h">
      <Filter>Исходные файлы\Perceptron</Filter>
    </ClInclude>
    <ClInclude Include="Func.h">
      <Filter>Исходные файлы\Perceptron</Filter>
    </ClInclude>
    <ClInclude Include="Perceptrons.h">
      <Filter>Исходные файлы\Perceptron</Filter>
    </ClInclude>
    <ClInclude Include="CNNs.h">
      <Filter>Исходные файлы\CNN</Filter>
    </ClInclude>
    <ClInclude Include="PerceptronLearning.h">
      <Filter>Файлы заголовков</Filter>
    </ClInclude>
    <ClInclude Include="PLearns.h">
      <Filter>Файлы заголовков</Filter>
    </ClInclude>
  </ItemGroup>
</Project>